
Microsoft Visual Studio Solution File, Format Version 11.00
# Visual Studio 2010
Project("{FAE04EC0-301F-11D3-BF4B-00C04F79EFBC}") = "Enjoy.Templates", "app\Enjoy.Templates\Enjoy.Templates.csproj", "{C5FF8640-9FDC-11E1-AD33-D0106188709B}"
EndProject
Project("{FAE04EC0-301F-11D3-BF4B-00C04F79EFBC}") = "Enjoy.Templates.Web", "app\Enjoy.Templates.Web\Enjoy.Templates.Web.csproj", "{96748EBD-D248-4353-B940-A7D3FD878040}"
EndProject
Project("{FAE04EC0-301F-11D3-BF4B-00C04F79EFBC}") = "Enjoy.Templates.Mvc", "app\Enjoy.Templates.Mvc\Enjoy.Templates.Mvc.csproj", "{9FB20722-76EC-426F-9494-6EE0DBFA117D}"
EndProject
Project("{2150E333-8FDC-42A3-9474-1A3956D46DE8}") = "spec", "spec", "{7B6364E5-CCF7-4F6E-BE23-C7E026009CAE}"
EndProject
Project("{FAE04EC0-301F-11D3-BF4B-00C04F79EFBC}") = "Enjoy.Templates.Mvc.Specs", "specs\Enjoy.Templates.Mvc.Specs\Enjoy.Templates.Mvc.Specs.csproj", "{A8D41F00-30BD-415F-8005-59BB07C1E414}"
EndProject
Project("{2150E333-8FDC-42A3-9474-1A3956D46DE8}") = "app", "app", "{1D866240-0810-47E6-BC6D-0C511A610978}"
EndProject
Project("{FAE04EC0-301F-11D3-BF4B-00C04F79EFBC}") = "Enjoy.Templates.Web.Specs", "specs\Enjoy.Templates.Web.Specs\Enjoy.Templates.Web.Specs.csproj", "{FEC6F686-ADA9-43DE-A893-A1334FA6F4C8}"
EndProject
Global
	GlobalSection(SolutionConfigurationPlatforms) = preSolution
		Debug|x86 = Debug|x86
		Release|x86 = Release|x86
	EndGlobalSection
	GlobalSection(ProjectConfigurationPlatforms) = postSolution
		{C5FF8640-9FDC-11E1-AD33-D0106188709B}.Debug|x86.ActiveCfg = Debug|x86
		{C5FF8640-9FDC-11E1-AD33-D0106188709B}.Debug|x86.Build.0 = Debug|x86
		{C5FF8640-9FDC-11E1-AD33-D0106188709B}.Release|x86.ActiveCfg = Release|x86
		{C5FF8640-9FDC-11E1-AD33-D0106188709B}.Release|x86.Build.0 = Release|x86
		{96748EBD-D248-4353-B940-A7D3FD878040}.Debug|x86.ActiveCfg = Debug|x86
		{96748EBD-D248-4353-B940-A7D3FD878040}.Debug|x86.Build.0 = Debug|x86
		{96748EBD-D248-4353-B940-A7D3FD878040}.Release|x86.ActiveCfg = Release|x86
		{96748EBD-D248-4353-B940-A7D3FD878040}.Release|x86.Build.0 = Release|x86
		{9FB20722-76EC-426F-9494-6EE0DBFA117D}.Debug|x86.ActiveCfg = Debug|x86
		{9FB20722-76EC-426F-9494-6EE0DBFA117D}.Debug|x86.Build.0 = Debug|x86
		{9FB20722-76EC-426F-9494-6EE0DBFA117D}.Release|x86.ActiveCfg = Release|x86
		{9FB20722-76EC-426F-9494-6EE0DBFA117D}.Release|x86.Build.0 = Release|x86
		{A8D41F00-30BD-415F-8005-59BB07C1E414}.Debug|x86.ActiveCfg = Debug|x86
		{A8D41F00-30BD-415F-8005-59BB07C1E414}.Debug|x86.Build.0 = Debug|x86
		{A8D41F00-30BD-415F-8005-59BB07C1E414}.Release|x86.ActiveCfg = Release|x86
		{A8D41F00-30BD-415F-8005-59BB07C1E414}.Release|x86.Build.0 = Release|x86
		{FEC6F686-ADA9-43DE-A893-A1334FA6F4C8}.Debug|x86.ActiveCfg = Debug|x86
		{FEC6F686-ADA9-43DE-A893-A1334FA6F4C8}.Debug|x86.Build.0 = Debug|x86
		{FEC6F686-ADA9-43DE-A893-A1334FA6F4C8}.Release|x86.ActiveCfg = Release|x86
		{FEC6F686-ADA9-43DE-A893-A1334FA6F4C8}.Release|x86.Build.0 = Release|x86
	EndGlobalSection
	GlobalSection(SolutionProperties) = preSolution
		HideSolutionNode = FALSE
	EndGlobalSection
	GlobalSection(NestedProjects) = preSolution
		{A8D41F00-30BD-415F-8005-59BB07C1E414} = {7B6364E5-CCF7-4F6E-BE23-C7E026009CAE}
		{FEC6F686-ADA9-43DE-A893-A1334FA6F4C8} = {7B6364E5-CCF7-4F6E-BE23-C7E026009CAE}
		{9FB20722-76EC-426F-9494-6EE0DBFA117D} = {1D866240-0810-47E6-BC6D-0C511A610978}
		{C5FF8640-9FDC-11E1-AD33-D0106188709B} = {1D866240-0810-47E6-BC6D-0C511A610978}
		{96748EBD-D248-4353-B940-A7D3FD878040} = {1D866240-0810-47E6-BC6D-0C511A610978}
	EndGlobalSection
EndGlobal
